
Microsoft Visual Studio Solution File, Format Version 12.00
# Visual Studio Version 17
VisualStudioVersion = 17.0.31314.256
MinimumVisualStudioVersion = 10.0.40219.1
Project("{2150E333-8FDC-42A3-9474-1A3956D46DE8}") = "Engine", "Engine", "{94A6C6F3-99B3-346E-9557-ABF9D4064DBD}"
EndProject
Project("{2150E333-8FDC-42A3-9474-1A3956D46DE8}") = "Games", "Games", "{8E2F6A87-1826-34F4-940C-CC23A48F9FE4}"
EndProject
Project("{8BC9CEB8-8B4A-11D0-8D11-00A0C91BC942}") = "UE4", "Intermediate\ProjectFiles\UE4.vcxproj", "{40A7791C-2F13-4283-9B77-D650AAFFFC3C}"
EndProject
Project("{8BC9CEB8-8B4A-11D0-8D11-00A0C91BC942}") = "Blaster", "Intermediate\ProjectFiles\Blaster.vcxproj", "{D67EA07B-A3E1-47BD-91DE-CFEBFF6CF093}"
EndProject
Project("{2150E333-8FDC-42A3-9474-1A3956D46DE8}") = "Visualizers", "Visualizers", "{1CCEC849-CC72-4C59-8C36-2F7C38706D4C}"
	ProjectSection(SolutionItems) = preProject
		G:\UE4\UE_4.27\Engine\Extras\VisualStudioDebugging\UE4.natvis = G:\UE4\UE_4.27\Engine\Extras\VisualStudioDebugging\UE4.natvis
	EndProjectSection
EndProject
Global
	GlobalSection(SolutionConfigurationPlatforms) = preSolution
		DebugGame Editor|Android = DebugGame Editor|Android
		DebugGame Editor|HoloLens = DebugGame Editor|HoloLens
		DebugGame Editor|Win32 = DebugGame Editor|Win32
		DebugGame Editor|Win64 = DebugGame Editor|Win64
		DebugGame|Android = DebugGame|Android
		DebugGame|HoloLens = DebugGame|HoloLens
		DebugGame|Win32 = DebugGame|Win32
		DebugGame|Win64 = DebugGame|Win64
		Development Editor|Android = Development Editor|Android
		Development Editor|HoloLens = Development Editor|HoloLens
		Development Editor|Win32 = Development Editor|Win32
		Development Editor|Win64 = Development Editor|Win64
		Development|Android = Development|Android
		Development|HoloLens = Development|HoloLens
		Development|Win32 = Development|Win32
		Development|Win64 = Development|Win64
		Shipping|Android = Shipping|Android
		Shipping|HoloLens = Shipping|HoloLens
		Shipping|Win32 = Shipping|Win32
		Shipping|Win64 = Shipping|Win64
	EndGlobalSection
	# Visual Assist Section
	GlobalSection(44630d46-96b5-488c-8df926e21db8c1a3) = preSolution
		ueSolution=true
	EndGlobalSection
	GlobalSection(ProjectConfigurationPlatforms) = postSolution
		{40A7791C-2F13-4283-9B77-D650AAFFFC3C}.DebugGame Editor|Android.ActiveCfg = BuiltWithUnrealBuildTool|Win32
		{40A7791C-2F13-4283-9B77-D650AAFFFC3C}.DebugGame Editor|HoloLens.ActiveCfg = BuiltWithUnrealBuildTool|Win32
		{40A7791C-2F13-4283-9B77-D650AAFFFC3C}.DebugGame Editor|Win32.ActiveCfg = BuiltWithUnrealBuildTool|Win32
		{40A7791C-2F13-4283-9B77-D650AAFFFC3C}.DebugGame Editor|Win64.ActiveCfg = BuiltWithUnrealBuildTool|Win32
		{40A7791C-2F13-4283-9B77-D650AAFFFC3C}.DebugGame|Android.ActiveCfg = BuiltWithUnrealBuildTool|Win32
		{40A7791C-2F13-4283-9B77-D650AAFFFC3C}.DebugGame|HoloLens.ActiveCfg = BuiltWithUnrealBuildTool|Win32
		{40A7791C-2F13-4283-9B77-D650AAFFFC3C}.DebugGame|Win32.ActiveCfg = BuiltWithUnrealBuildTool|Win32
		{40A7791C-2F13-4283-9B77-D650AAFFFC3C}.DebugGame|Win64.ActiveCfg = BuiltWithUnrealBuildTool|Win32
		{40A7791C-2F13-4283-9B77-D650AAFFFC3C}.Development Editor|Android.ActiveCfg = BuiltWithUnrealBuildTool|Win32
		{40A7791C-2F13-4283-9B77-D650AAFFFC3C}.Development Editor|HoloLens.ActiveCfg = BuiltWithUnrealBuildTool|Win32
		{40A7791C-2F13-4283-9B77-D650AAFFFC3C}.Development Editor|Win32.ActiveCfg = BuiltWithUnrealBuildTool|Win32
		{40A7791C-2F13-4283-9B77-D650AAFFFC3C}.Development Editor|Win64.ActiveCfg = BuiltWithUnrealBuildTool|Win32
		{40A7791C-2F13-4283-9B77-D650AAFFFC3C}.Development|Android.ActiveCfg = BuiltWithUnrealBuildTool|Win32
		{40A7791C-2F13-4283-9B77-D650AAFFFC3C}.Development|HoloLens.ActiveCfg = BuiltWithUnrealBuildTool|Win32
		{40A7791C-2F13-4283-9B77-D650AAFFFC3C}.Development|Win32.ActiveCfg = BuiltWithUnrealBuildTool|Win32
		{40A7791C-2F13-4283-9B77-D650AAFFFC3C}.Development|Win64.ActiveCfg = BuiltWithUnrealBuildTool|Win32
		{40A7791C-2F13-4283-9B77-D650AAFFFC3C}.Shipping|Android.ActiveCfg = BuiltWithUnrealBuildTool|Win32
		{40A7791C-2F13-4283-9B77-D650AAFFFC3C}.Shipping|HoloLens.ActiveCfg = BuiltWithUnrealBuildTool|Win32
		{40A7791C-2F13-4283-9B77-D650AAFFFC3C}.Shipping|Win32.ActiveCfg = BuiltWithUnrealBuildTool|Win32
		{40A7791C-2F13-4283-9B77-D650AAFFFC3C}.Shipping|Win64.ActiveCfg = BuiltWithUnrealBuildTool|Win32
		{D67EA07B-A3E1-47BD-91DE-CFEBFF6CF093}.DebugGame Editor|Android.ActiveCfg = Invalid|Win32
		{D67EA07B-A3E1-47BD-91DE-CFEBFF6CF093}.DebugGame Editor|HoloLens.ActiveCfg = Invalid|Win32
		{D67EA07B-A3E1-47BD-91DE-CFEBFF6CF093}.DebugGame Editor|Win32.ActiveCfg = Invalid|Win32
		{D67EA07B-A3E1-47BD-91DE-CFEBFF6CF093}.DebugGame Editor|Win64.ActiveCfg = DebugGame_Editor|x64
		{D67EA07B-A3E1-47BD-91DE-CFEBFF6CF093}.DebugGame Editor|Win64.Build.0 = DebugGame_Editor|x64
		{D67EA07B-A3E1-47BD-91DE-CFEBFF6CF093}.DebugGame|Android.ActiveCfg = Android_DebugGame|Win32
		{D67EA07B-A3E1-47BD-91DE-CFEBFF6CF093}.DebugGame|Android.Build.0 = Android_DebugGame|Win32
		{D67EA07B-A3E1-47BD-91DE-CFEBFF6CF093}.DebugGame|HoloLens.ActiveCfg = DebugGame|arm64
		{D67EA07B-A3E1-47BD-91DE-CFEBFF6CF093}.DebugGame|HoloLens.Build.0 = DebugGame|arm64
		{D67EA07B-A3E1-47BD-91DE-CFEBFF6CF093}.DebugGame|HoloLens.Deploy.0 = DebugGame|arm64
		{D67EA07B-A3E1-47BD-91DE-CFEBFF6CF093}.DebugGame|Win32.ActiveCfg = DebugGame|Win32
		{D67EA07B-A3E1-47BD-91DE-CFEBFF6CF093}.DebugGame|Win32.Build.0 = DebugGame|Win32
		{D67EA07B-A3E1-47BD-91DE-CFEBFF6CF093}.DebugGame|Win64.ActiveCfg = DebugGame|x64
		{D67EA07B-A3E1-47BD-91DE-CFEBFF6CF093}.DebugGame|Win64.Build.0 = DebugGame|x64
		{D67EA07B-A3E1-47BD-91DE-CFEBFF6CF093}.Development Editor|Android.ActiveCfg = Invalid|Win32
		{D67EA07B-A3E1-47BD-91DE-CFEBFF6CF093}.Development Editor|HoloLens.ActiveCfg = Invalid|Win32
		{D67EA07B-A3E1-47BD-91DE-CFEBFF6CF093}.Development Editor|Win32.ActiveCfg = Invalid|Win32
		{D67EA07B-A3E1-47BD-91DE-CFEBFF6CF093}.Development Editor|Win64.ActiveCfg = Development_Editor|x64
		{D67EA07B-A3E1-47BD-91DE-CFEBFF6CF093}.Development Editor|Win64.Build.0 = Development_Editor|x64
		{D67EA07B-A3E1-47BD-91DE-CFEBFF6CF093}.Development|Android.ActiveCfg = Android_Development|Win32
		{D67EA07B-A3E1-47BD-91DE-CFEBFF6CF093}.Development|Android.Build.0 = Android_Development|Win32
		{D67EA07B-A3E1-47BD-91DE-CFEBFF6CF093}.Development|HoloLens.ActiveCfg = Development|arm64
		{D67EA07B-A3E1-47BD-91DE-CFEBFF6CF093}.Development|HoloLens.Build.0 = Development|arm64
		{D67EA07B-A3E1-47BD-91DE-CFEBFF6CF093}.Development|HoloLens.Deploy.0 = Development|arm64
		{D67EA07B-A3E1-47BD-91DE-CFEBFF6CF093}.Development|Win32.ActiveCfg = Development|Win32
		{D67EA07B-A3E1-47BD-91DE-CFEBFF6CF093}.Development|Win32.Build.0 = Development|Win32
		{D67EA07B-A3E1-47BD-91DE-CFEBFF6CF093}.Development|Win64.ActiveCfg = Development|x64
		{D67EA07B-A3E1-47BD-91DE-CFEBFF6CF093}.Development|Win64.Build.0 = Development|x64
		{D67EA07B-A3E1-47BD-91DE-CFEBFF6CF093}.Shipping|Android.ActiveCfg = Android_Shipping|Win32
		{D67EA07B-A3E1-47BD-91DE-CFEBFF6CF093}.Shipping|Android.Build.0 = Android_Shipping|Win32
		{D67EA07B-A3E1-47BD-91DE-CFEBFF6CF093}.Shipping|HoloLens.ActiveCfg = Shipping|arm64
		{D67EA07B-A3E1-47BD-91DE-CFEBFF6CF093}.Shipping|HoloLens.Build.0 = Shipping|arm64
		{D67EA07B-A3E1-47BD-91DE-CFEBFF6CF093}.Shipping|HoloLens.Deploy.0 = Shipping|arm64
		{D67EA07B-A3E1-47BD-91DE-CFEBFF6CF093}.Shipping|Win32.ActiveCfg = Shipping|Win32
		{D67EA07B-A3E1-47BD-91DE-CFEBFF6CF093}.Shipping|Win32.Build.0 = Shipping|Win32
		{D67EA07B-A3E1-47BD-91DE-CFEBFF6CF093}.Shipping|Win64.ActiveCfg = Shipping|x64
		{D67EA07B-A3E1-47BD-91DE-CFEBFF6CF093}.Shipping|Win64.Build.0 = Shipping|x64
	EndGlobalSection
	GlobalSection(SolutionProperties) = preSolution
		HideSolutionNode = FALSE
	EndGlobalSection
	GlobalSection(NestedProjects) = preSolution
		{40A7791C-2F13-4283-9B77-D650AAFFFC3C} = {94A6C6F3-99B3-346E-9557-ABF9D4064DBD}
		{D67EA07B-A3E1-47BD-91DE-CFEBFF6CF093} = {8E2F6A87-1826-34F4-940C-CC23A48F9FE4}
	EndGlobalSection
EndGlobal
